{
  "requires": true,
  "lockfileVersion": 1,
  "dependencies": {
    "@aws-cdk/aws-iam": {
      "version": "1.116.0",
      "resolved": "https://registry.npmjs.org/@aws-cdk/aws-iam/-/aws-iam-1.116.0.tgz",
      "integrity": "sha512-apdlebEW0nejn707K3M++QrtHIRB/4CSu1RVSuvwE8OWIoB9JV/e0AdZK5y+ZIsE0xHbWSlR5e4OmQsgUukGfQ==",
      "requires": {
        "@aws-cdk/core": "1.116.0",
        "@aws-cdk/region-info": "1.116.0",
        "constructs": "^3.3.69"
      }
    },
    "@aws-cdk/cloud-assembly-schema": {
      "version": "1.116.0",
      "resolved": "https://registry.npmjs.org/@aws-cdk/cloud-assembly-schema/-/cloud-assembly-schema-1.116.0.tgz",
      "integrity": "sha512-mQKPHPf5S3cZGyGgUOiZjSWwHrFdHBXmZpE2Udr9XeCsBWbMhQaK3wpfliVxu9qucLXswecWWz2hfF+DtU5JAg==",
      "requires": {
        "jsonschema": "^1.4.0",
        "semver": "^7.3.5"
      },
      "dependencies": {
        "jsonschema": {
          "version": "1.4.0",
          "bundled": true
        },
        "lru-cache": {
          "version": "6.0.0",
          "bundled": true,
          "requires": {
            "yallist": "^4.0.0"
          }
        },
        "semver": {
          "version": "7.3.5",
          "bundled": true,
          "requires": {
            "lru-cache": "^6.0.0"
          }
        },
        "yallist": {
          "version": "4.0.0",
          "bundled": true
        }
      }
    },
    "@aws-cdk/core": {
      "version": "1.116.0",
      "resolved": "https://registry.npmjs.org/@aws-cdk/core/-/core-1.116.0.tgz",
      "integrity": "sha512-uHj5xJLEqGbOX15ZZL9ib8/PVb31b4oySDlyG3/3Q8ffwN5dGSnt9Fg6UgWIC3xVhRMoCbKqKjKlMVAwmtB6Ow==",
      "requires": {
        "@aws-cdk/cloud-assembly-schema": "1.116.0",
        "@aws-cdk/cx-api": "1.116.0",
        "@aws-cdk/region-info": "1.116.0",
        "@balena/dockerignore": "^1.0.2",
        "constructs": "^3.3.69",
        "fs-extra": "^9.1.0",
        "ignore": "^5.1.8",
        "minimatch": "^3.0.4"
      },
      "dependencies": {
        "@balena/dockerignore": {
          "version": "1.0.2",
          "bundled": true
        },
        "at-least-node": {
          "version": "1.0.0",
          "bundled": true
        },
        "balanced-match": {
          "version": "1.0.2",
          "bundled": true
        },
        "brace-expansion": {
          "version": "1.1.11",
          "bundled": true,
          "requires": {
            "balanced-match": "^1.0.0",
            "concat-map": "0.0.1"
          }
        },
        "concat-map": {
          "version": "0.0.1",
          "bundled": true
        },
        "fs-extra": {
          "version": "9.1.0",
          "bundled": true,
          "requires": {
            "at-least-node": "^1.0.0",
            "graceful-fs": "^4.2.0",
            "jsonfile": "^6.0.1",
            "universalify": "^2.0.0"
          }
        },
        "graceful-fs": {
          "version": "4.2.6",
          "bundled": true
        },
        "ignore": {
          "version": "5.1.8",
          "bundled": true
        },
        "jsonfile": {
          "version": "6.1.0",
          "bundled": true,
          "requires": {
            "graceful-fs": "^4.1.6",
            "universalify": "^2.0.0"
          }
        },
        "minimatch": {
          "version": "3.0.4",
          "bundled": true,
          "requires": {
            "brace-expansion": "^1.1.7"
          }
        },
        "universalify": {
          "version": "2.0.0",
          "bundled": true
        }
      }
    },
    "@aws-cdk/cx-api": {
      "version": "1.116.0",
      "resolved": "https://registry.npmjs.org/@aws-cdk/cx-api/-/cx-api-1.116.0.tgz",
      "integrity": "sha512-nuYaZsqqSOShZCjgdajUoYJpsB9Cur0XKGrl4HpyHN42285Ht+0/J6jaWTxbpP/D3r5Aoc7QipcMJddEbwrIvw==",
      "requires": {
        "@aws-cdk/cloud-assembly-schema": "1.116.0",
        "semver": "^7.3.5"
      },
      "dependencies": {
        "lru-cache": {
          "version": "6.0.0",
          "bundled": true,
          "requires": {
            "yallist": "^4.0.0"
          }
        },
        "semver": {
          "version": "7.3.5",
          "bundled": true,
          "requires": {
            "lru-cache": "^6.0.0"
          }
        },
        "yallist": {
          "version": "4.0.0",
          "bundled": true
        }
      }
    },
    "@aws-cdk/region-info": {
      "version": "1.116.0",
      "resolved": "https://registry.npmjs.org/@aws-cdk/region-info/-/region-info-1.116.0.tgz",
      "integrity": "sha512-xBxCBXmvNqxWHlZ+kfJb9V2Etqg4F9JfbZUYZRGB9zRTeW5cm9AG6zgXxHVzR3aWreR1pfLDkC/ipiQynvelLQ=="
    },
    "constructs": {
      "version": "3.3.109",
      "resolved": "https://registry.npmjs.org/constructs/-/constructs-3.3.109.tgz",
      "integrity": "sha512-fqzzJg0vvy09r15e2j1sjOTECKQJtnj9QfkesjyKRh+xWHi+5ylVPzzpa8tHWYJuGebH/ba8sazETY1iG77iJg=="
    }
  }
}
